// !$*UTF8*$!
{
	archiveVersion = 1;
	classes = {
	};
	objectVersion = 55;
	objects = {

/* Begin PBXBuildFile section */
		51A9FD93289F6F37009DDEA2 /* WeatherAppApp.swift in Sources */ = {isa = PBXBuildFile; fileRef = 51A9FD92289F6F37009DDEA2 /* WeatherAppApp.swift */; };
		51A9FD95289F6F37009DDEA2 /* ContentView.swift in Sources */ = {isa = PBXBuildFile; fileRef = 51A9FD94289F6F37009DDEA2 /* ContentView.swift */; };
		51A9FD97289F6F38009DDEA2 /* Assets.xcassets in Resources */ = {isa = PBXBuildFile; fileRef = 51A9FD96289F6F38009DDEA2 /* Assets.xcassets */; };
		51A9FD9A289F6F38009DDEA2 /* Preview Assets.xcassets in Resources */ = {isa = PBXBuildFile; fileRef = 51A9FD99289F6F38009DDEA2 /* Preview Assets.xcassets */; };
		51A9FDA2289F6FBB009DDEA2 /* LocationManager.swift in Sources */ = {isa = PBXBuildFile; fileRef = 51A9FDA1289F6FBB009DDEA2 /* LocationManager.swift */; };
		51A9FDA5289F789B009DDEA2 /* WelcomeView.swift in Sources */ = {isa = PBXBuildFile; fileRef = 51A9FDA4289F789B009DDEA2 /* WelcomeView.swift */; };
		51A9FDA7289F7B46009DDEA2 /* LoadingView.swift in Sources */ = {isa = PBXBuildFile; fileRef = 51A9FDA6289F7B45009DDEA2 /* LoadingView.swift */; };
		51A9FDA9289F8B6A009DDEA2 /* WeatherManager.swift in Sources */ = {isa = PBXBuildFile; fileRef = 51A9FDA8289F8B6A009DDEA2 /* WeatherManager.swift */; };
		51A9FDAB289F8FD3009DDEA2 /* WeatherView.swift in Sources */ = {isa = PBXBuildFile; fileRef = 51A9FDAA289F8FD3009DDEA2 /* WeatherView.swift */; };
		51A9FDAD289F900C009DDEA2 /* ModalData.swift in Sources */ = {isa = PBXBuildFile; fileRef = 51A9FDAC289F900C009DDEA2 /* ModalData.swift */; };
		51A9FDAF289F9041009DDEA2 /* weatherData.json in Resources */ = {isa = PBXBuildFile; fileRef = 51A9FDAE289F9041009DDEA2 /* weatherData.json */; };
		51A9FDB1289F91CC009DDEA2 /* Extensions.swift in Sources */ = {isa = PBXBuildFile; fileRef = 51A9FDB0289F91CC009DDEA2 /* Extensions.swift */; };
		51A9FDB4289F979D009DDEA2 /* WeatherRow.swift in Sources */ = {isa = PBXBuildFile; fileRef = 51A9FDB3289F979D009DDEA2 /* WeatherRow.swift */; };
/* End PBXBuildFile section */

/* Begin PBXFileReference section */
		51A9FD8F289F6F37009DDEA2 /* WeatherApp.app */ = {isa = PBXFileReference; explicitFileType = wrapper.application; includeInIndex = 0; path = WeatherApp.app; sourceTree = BUILT_PRODUCTS_DIR; };
		51A9FD92289F6F37009DDEA2 /* WeatherAppApp.swift */ = {isa = PBXFileReference; lastKnownFileType = sourcecode.swift; path = WeatherAppApp.swift; sourceTree = "<group>"; };
		51A9FD94289F6F37009DDEA2 /* ContentView.swift */ = {isa = PBXFileReference; lastKnownFileType = sourcecode.swift; path = ContentView.swift; sourceTree = "<group>"; };
		51A9FD96289F6F38009DDEA2 /* Assets.xcassets */ = {isa = PBXFileReference; lastKnownFileType = folder.assetcatalog; path = Assets.xcassets; sourceTree = "<group>"; };
		51A9FD99289F6F38009DDEA2 /* Preview Assets.xcassets */ = {isa = PBXFileReference; lastKnownFileType = folder.assetcatalog; path = "Preview Assets.xcassets"; sourceTree = "<group>"; };
		51A9FDA1289F6FBB009DDEA2 /* LocationManager.swift */ = {isa = PBXFileReference; lastKnownFileType = sourcecode.swift; path = LocationManager.swift; sourceTree = "<group>"; };
		51A9FDA4289F789B009DDEA2 /* WelcomeView.swift */ = {isa = PBXFileReference; lastKnownFileType = sourcecode.swift; path = WelcomeView.swift; sourceTree = "<group>"; };
		51A9FDA6289F7B45009DDEA2 /* LoadingView.swift */ = {isa = PBXFileReference; lastKnownFileType = sourcecode.swift; path = LoadingView.swift; sourceTree = "<group>"; };
		51A9FDA8289F8B6A009DDEA2 /* WeatherManager.swift */ = {isa = PBXFileReference; lastKnownFileType = sourcecode.swift; path = WeatherManager.swift; sourceTree = "<group>"; };
		51A9FDAA289F8FD3009DDEA2 /* WeatherView.swift */ = {isa = PBXFileReference; lastKnownFileType = sourcecode.swift; path = WeatherView.swift; sourceTree = "<group>"; };
		51A9FDAC289F900C009DDEA2 /* ModalData.swift */ = {isa = PBXFileReference; lastKnownFileType = sourcecode.swift; path = ModalData.swift; sourceTree = "<group>"; };
		51A9FDAE289F9041009DDEA2 /* weatherData.json */ = {isa = PBXFileReference; lastKnownFileType = text.json; path = weatherData.json; sourceTree = "<group>"; };
		51A9FDB0289F91CC009DDEA2 /* Extensions.swift */ = {isa = PBXFileReference; lastKnownFileType = sourcecode.swift; path = Extensions.swift; sourceTree = "<group>"; };
		51A9FDB3289F979D009DDEA2 /* WeatherRow.swift */ = {isa = PBXFileReference; lastKnownFileType = sourcecode.swift; path = WeatherRow.swift; sourceTree = "<group>"; };
/* End PBXFileReference section */

/* Begin PBXFrameworksBuildPhase section */
		51A9FD8C289F6F37009DDEA2 /* Frameworks */ = {
			isa = PBXFrameworksBuildPhase;
			buildActionMask = 2147483647;
			files = (
			);
			runOnlyForDeploymentPostprocessing = 0;
		};
/* End PBXFrameworksBuildPhase section */

/* Begin PBXGroup section */
		51A9FD86289F6F37009DDEA2 = {
			isa = PBXGroup;
			children = (
				51A9FD91289F6F37009DDEA2 /* WeatherApp */,
				51A9FD90289F6F37009DDEA2 /* Products */,
			);
			sourceTree = "<group>";
		};
		51A9FD90289F6F37009DDEA2 /* Products */ = {
			isa = PBXGroup;
			children = (
				51A9FD8F289F6F37009DDEA2 /* WeatherApp.app */,
			);
			name = Products;
			sourceTree = "<group>";
		};
		51A9FD91289F6F37009DDEA2 /* WeatherApp */ = {
			isa = PBXGroup;
			children = (
				51A9FDB2289F9786009DDEA2 /* Components */,
				51A9FDA3289F781D009DDEA2 /* Views */,
				51A9FDA0289F6FA8009DDEA2 /* Manager */,
				51A9FD92289F6F37009DDEA2 /* WeatherAppApp.swift */,
				51A9FDB0289F91CC009DDEA2 /* Extensions.swift */,
				51A9FD96289F6F38009DDEA2 /* Assets.xcassets */,
				51A9FD98289F6F38009DDEA2 /* Preview Content */,
			);
			path = WeatherApp;
			sourceTree = "<group>";
		};
		51A9FD98289F6F38009DDEA2 /* Preview Content */ = {
			isa = PBXGroup;
			children = (
				51A9FD99289F6F38009DDEA2 /* Preview Assets.xcassets */,
				51A9FDAC289F900C009DDEA2 /* ModalData.swift */,
				51A9FDAE289F9041009DDEA2 /* weatherData.json */,
			);
			path = "Preview Content";
			sourceTree = "<group>";
		};
		51A9FDA0289F6FA8009DDEA2 /* Manager */ = {
			isa = PBXGroup;
			children = (
				51A9FDA1289F6FBB009DDEA2 /* LocationManager.swift */,
				51A9FDA8289F8B6A009DDEA2 /* WeatherManager.swift */,
			);
			path = Manager;
			sourceTree = "<group>";
		};
		51A9FDA3289F781D009DDEA2 /* Views */ = {
			isa = PBXGroup;
			children = (
				51A9FD94289F6F37009DDEA2 /* ContentView.swift */,
				51A9FDA4289F789B009DDEA2 /* WelcomeView.swift */,
				51A9FDA6289F7B45009DDEA2 /* LoadingView.swift */,
				51A9FDAA289F8FD3009DDEA2 /* WeatherView.swift */,
			);
			path = Views;
			sourceTree = "<group>";
		};
		51A9FDB2289F9786009DDEA2 /* Components */ = {
			isa = PBXGroup;
			children = (
				51A9FDB3289F979D009DDEA2 /* WeatherRow.swift */,
			);
			path = Components;
			sourceTree = "<group>";
		};
/* End PBXGroup section */

/* Begin PBXNativeTarget section */
		51A9FD8E289F6F37009DDEA2 /* WeatherApp */ = {
			isa = PBXNativeTarget;
			buildConfigurationList = 51A9FD9D289F6F38009DDEA2 /* Build configuration list for PBXNativeTarget "WeatherApp" */;
			buildPhases = (
				51A9FD8B289F6F37009DDEA2 /* Sources */,
				51A9FD8C289F6F37009DDEA2 /* Frameworks */,
				51A9FD8D289F6F37009DDEA2 /* Resources */,
			);
			buildRules = (
			);
			dependencies = (
			);
			name = WeatherApp;
			productName = WeatherApp;
			productReference = 51A9FD8F289F6F37009DDEA2 /* WeatherApp.app */;
			productType = "com.apple.product-type.application";
		};
/* End PBXNativeTarget section */

/* Begin PBXProject section */
		51A9FD87289F6F37009DDEA2 /* Project object */ = {
			isa = PBXProject;
			attributes = {
				BuildIndependentTargetsInParallel = 1;
				LastSwiftUpdateCheck = 1340;
				LastUpgradeCheck = 1340;
				TargetAttributes = {
					51A9FD8E289F6F37009DDEA2 = {
						CreatedOnToolsVersion = 13.4.1;
					};
				};
			};
			buildConfigurationList = 51A9FD8A289F6F37009DDEA2 /* Build configuration list for PBXProject "WeatherApp" */;
			compatibilityVersion = "Xcode 13.0";
			developmentRegion = en;
			hasScannedForEncodings = 0;
			knownRegions = (
				en,
				Base,
			);
			mainGroup = 51A9FD86289F6F37009DDEA2;
			productRefGroup = 51A9FD90289F6F37009DDEA2 /* Products */;
			projectDirPath = "";
			projectRoot = "";
			targets = (
				51A9FD8E289F6F37009DDEA2 /* WeatherApp */,
			);
		};
/* End PBXProject section */

/* Begin PBXResourcesBuildPhase section */
		51A9FD8D289F6F37009DDEA2 /* Resources */ = {
			isa = PBXResourcesBuildPhase;
			buildActionMask = 2147483647;
			files = (
				51A9FD9A289F6F38009DDEA2 /* Preview Assets.xcassets in Resources */,
				51A9FDAF289F9041009DDEA2 /* weatherData.json in Resources */,
				51A9FD97289F6F38009DDEA2 /* Assets.xcassets in Resources */,
			);
			runOnlyForDeploymentPostprocessing = 0;
		};
/* End PBXResourcesBuildPhase section */

/* Begin PBXSourcesBuildPhase section */
		51A9FD8B289F6F37009DDEA2 /* Sources */ = {
			isa = PBXSourcesBuildPhase;
			buildActionMask = 2147483647;
			files = (
				51A9FDA9289F8B6A009DDEA2 /* WeatherManager.swift in Sources */,
				51A9FDB1289F91CC009DDEA2 /* Extensions.swift in Sources */,
				51A9FDAD289F900C009DDEA2 /* ModalData.swift in Sources */,
				51A9FD95289F6F37009DDEA2 /* ContentView.swift in Sources */,
				51A9FD93289F6F37009DDEA2 /* WeatherAppApp.swift in Sources */,
				51A9FDB4289F979D009DDEA2 /* WeatherRow.swift in Sources */,
				51A9FDA2289F6FBB009DDEA2 /* LocationManager.swift in Sources */,
				51A9FDA7289F7B46009DDEA2 /* LoadingView.swift in Sources */,
				51A9FDAB289F8FD3009DDEA2 /* WeatherView.swift in Sources */,
				51A9FDA5289F789B009DDEA2 /* WelcomeView.swift in Sources */,
			);
			runOnlyForDeploymentPostprocessing = 0;
		};
/* End PBXSourcesBuildPhase section */

/* Begin XCBuildConfiguration section */
		51A9FD9B289F6F38009DDEA2 /* Debug */ = {
			isa = XCBuildConfiguration;
			buildSettings = {
				ALWAYS_SEARCH_USER_PATHS = NO;
				CLANG_ANALYZER_NONNULL = YES;
				CLANG_ANALYZER_NUMBER_OBJECT_CONVERSION = YES_AGGRESSIVE;
				CLANG_CXX_LANGUAGE_STANDARD = "gnu++17";
				CLANG_ENABLE_MODULES = YES;
				CLANG_ENABLE_OBJC_ARC = YES;
				CLANG_ENABLE_OBJC_WEAK = YES;
				CLANG_WARN_BLOCK_CAPTURE_AUTORELEASING = YES;
				CLANG_WARN_BOOL_CONVERSION = YES;
				CLANG_WARN_COMMA = YES;
				CLANG_WARN_CONSTANT_CONVERSION = YES;
				CLANG_WARN_DEPRECATED_OBJC_IMPLEMENTATIONS = YES;
				CLANG_WARN_DIRECT_OBJC_ISA_USAGE = YES_ERROR;
				CLANG_WARN_DOCUMENTATION_COMMENTS = YES;
				CLANG_WARN_EMPTY_BODY = YES;
				CLANG_WARN_ENUM_CONVERSION = YES;
				CLANG_WARN_INFINITE_RECURSION = YES;
				CLANG_WARN_INT_CONVERSION = YES;
				CLANG_WARN_NON_LITERAL_NULL_CONVERSION = YES;
				CLANG_WARN_OBJC_IMPLICIT_RETAIN_SELF = YES;
				CLANG_WARN_OBJC_LITERAL_CONVERSION = YES;
				CLANG_WARN_OBJC_ROOT_CLASS = YES_ERROR;
				CLANG_WARN_QUOTED_INCLUDE_IN_FRAMEWORK_HEADER = YES;
				CLANG_WARN_RANGE_LOOP_ANALYSIS = YES;
				CLANG_WARN_STRICT_PROTOTYPES = YES;
				CLANG_WARN_SUSPICIOUS_MOVE = YES;
				CLANG_WARN_UNGUARDED_AVAILABILITY = YES_AGGRESSIVE;
				CLANG_WARN_UNREACHABLE_CODE = YES;
				CLANG_WARN__DUPLICATE_METHOD_MATCH = YES;
				COPY_PHASE_STRIP = NO;
				DEBUG_INFORMATION_FORMAT = dwarf;
				ENABLE_STRICT_OBJC_MSGSEND = YES;
				ENABLE_TESTABILITY = YES;
				GCC_C_LANGUAGE_STANDARD = gnu11;
				GCC_DYNAMIC_NO_PIC = NO;
				GCC_NO_COMMON_BLOCKS = YES;
				GCC_OPTIMIZATION_LEVEL = 0;
				GCC_PREPROCESSOR_DEFINITIONS = (
					"DEBUG=1",
					"$(inherited)",
				);
				GCC_WARN_64_TO_32_BIT_CONVERSION = YES;
				GCC_WARN_ABOUT_RETURN_TYPE = YES_ERROR;
				GCC_WARN_UNDECLARED_SELECTOR = YES;
				GCC_WARN_UNINITIALIZED_AUTOS = YES_AGGRESSIVE;
				GCC_WARN_UNUSED_FUNCTION = YES;
				GCC_WARN_UNUSED_VARIABLE = YES;
				IPHONEOS_DEPLOYMENT_TARGET = 15.5;
				MTL_ENABLE_DEBUG_INFO = INCLUDE_SOURCE;
				MTL_FAST_MATH = YES;
				ONLY_ACTIVE_ARCH = YES;
				SDKROOT = iphoneos;
				SWIFT_ACTIVE_COMPILATION_CONDITIONS = DEBUG;
				SWIFT_OPTIMIZATION_LEVEL = "-Onone";
			};
			name = Debug;
		};
		51A9FD9C289F6F38009DDEA2 /* Release */ = {
			isa = XCBuildConfiguration;
			buildSettings = {
				ALWAYS_SEARCH_USER_PATHS = NO;
				CLANG_ANALYZER_NONNULL = YES;
				CLANG_ANALYZER_NUMBER_OBJECT_CONVERSION = YES_AGGRESSIVE;
				CLANG_CXX_LANGUAGE_STANDARD = "gnu++17";
				CLANG_ENABLE_MODULES = YES;
				CLANG_ENABLE_OBJC_ARC = YES;
				CLANG_ENABLE_OBJC_WEAK = YES;
				CLANG_WARN_BLOCK_CAPTURE_AUTORELEASING = YES;
				CLANG_WARN_BOOL_CONVERSION = YES;
				CLANG_WARN_COMMA = YES;
				CLANG_WARN_CONSTANT_CONVERSION = YES;
				CLANG_WARN_DEPRECATED_OBJC_IMPLEMENTATIONS = YES;
				CLANG_WARN_DIRECT_OBJC_ISA_USAGE = YES_ERROR;
				CLANG_WARN_DOCUMENTATION_COMMENTS = YES;
				CLANG_WARN_EMPTY_BODY = YES;
				CLANG_WARN_ENUM_CONVERSION = YES;
				CLANG_WARN_INFINITE_RECURSION = YES;
				CLANG_WARN_INT_CONVERSION = YES;
				CLANG_WARN_NON_LITERAL_NULL_CONVERSION = YES;
				CLANG_WARN_OBJC_IMPLICIT_RETAIN_SELF = YES;
				CLANG_WARN_OBJC_LITERAL_CONVERSION = YES;
				CLANG_WARN_OBJC_ROOT_CLASS = YES_ERROR;
				CLANG_WARN_QUOTED_INCLUDE_IN_FRAMEWORK_HEADER = YES;
				CLANG_WARN_RANGE_LOOP_ANALYSIS = YES;
				CLANG_WARN_STRICT_PROTOTYPES = YES;
				CLANG_WARN_SUSPICIOUS_MOVE = YES;
				CLANG_WARN_UNGUARDED_AVAILABILITY = YES_AGGRESSIVE;
				CLANG_WARN_UNREACHABLE_CODE = YES;
				CLANG_WARN__DUPLICATE_METHOD_MATCH = YES;
				COPY_PHASE_STRIP = NO;
				DEBUG_INFORMATION_FORMAT = "dwarf-with-dsym";
				ENABLE_NS_ASSERTIONS = NO;
				ENABLE_STRICT_OBJC_MSGSEND = YES;
				GCC_C_LANGUAGE_STANDARD = gnu11;
				GCC_NO_COMMON_BLOCKS = YES;
				GCC_WARN_64_TO_32_BIT_CONVERSION = YES;
				GCC_WARN_ABOUT_RETURN_TYPE = YES_ERROR;
				GCC_WARN_UNDECLARED_SELECTOR = YES;
				GCC_WARN_UNINITIALIZED_AUTOS = YES_AGGRESSIVE;
				GCC_WARN_UNUSED_FUNCTION = YES;
				GCC_WARN_UNUSED_VARIABLE = YES;
				IPHONEOS_DEPLOYMENT_TARGET = 15.5;
				MTL_ENABLE_DEBUG_INFO = NO;
				MTL_FAST_MATH = YES;
				SDKROOT = iphoneos;
				SWIFT_COMPILATION_MODE = wholemodule;
				SWIFT_OPTIMIZATION_LEVEL = "-O";
				VALIDATE_PRODUCT = YES;
			};
			name = Release;
		};
		51A9FD9E289F6F38009DDEA2 /* Debug */ = {
			isa = XCBuildConfiguration;
			buildSettings = {
				ASSETCATALOG_COMPILER_APPICON_NAME = AppIcon;
				ASSETCATALOG_COMPILER_GLOBAL_ACCENT_COLOR_NAME = AccentColor;
				CODE_SIGN_STYLE = Automatic;
				CURRENT_PROJECT_VERSION = 1;
				DEVELOPMENT_ASSET_PATHS = "\"WeatherApp/Preview Content\"";
				ENABLE_PREVIEWS = YES;
				GENERATE_INFOPLIST_FILE = YES;
				INFOPLIST_KEY_UIApplicationSceneManifest_Generation = YES;
				INFOPLIST_KEY_UIApplicationSupportsIndirectInputEvents = YES;
				INFOPLIST_KEY_UILaunchScreen_Generation = YES;
				INFOPLIST_KEY_UISupportedInterfaceOrientations_iPad = "UIInterfaceOrientationPortrait UIInterfaceOrientationPortraitUpsideDown UIInterfaceOrientationLandscapeLeft UIInterfaceOrientationLandscapeRight";
				INFOPLIST_KEY_UISupportedInterfaceOrientations_iPhone = "UIInterfaceOrientationPortrait UIInterfaceOrientationLandscapeLeft UIInterfaceOrientationLandscapeRight";
				LD_RUNPATH_SEARCH_PATHS = (
					"$(inherited)",
					"@executable_path/Frameworks",
				);
				MARKETING_VERSION = 1.0;
				PRODUCT_BUNDLE_IDENTIFIER = com.dummyApp.WeatherApp;
				PRODUCT_NAME = "$(TARGET_NAME)";
				SWIFT_EMIT_LOC_STRINGS = YES;
				SWIFT_VERSION = 5.0;
				TARGETED_DEVICE_FAMILY = "1,2";
			};
			name = Debug;
		};
		51A9FD9F289F6F38009DDEA2 /* Release */ = {
			isa = XCBuildConfiguration;
			buildSettings = {
				ASSETCATALOG_COMPILER_APPICON_NAME = AppIcon;
				ASSETCATALOG_COMPILER_GLOBAL_ACCENT_COLOR_NAME = AccentColor;
				CODE_SIGN_STYLE = Automatic;
				CURRENT_PROJECT_VERSION = 1;
				DEVELOPMENT_ASSET_PATHS = "\"WeatherApp/Preview Content\"";
				ENABLE_PREVIEWS = YES;
				GENERATE_INFOPLIST_FILE = YES;
				INFOPLIST_KEY_UIApplicationSceneManifest_Generation = YES;
				INFOPLIST_KEY_UIApplicationSupportsIndirectInputEvents = YES;
				INFOPLIST_KEY_UILaunchScreen_Generation = YES;
				INFOPLIST_KEY_UISupportedInterfaceOrientations_iPad = "UIInterfaceOrientationPortrait UIInterfaceOrientationPortraitUpsideDown UIInterfaceOrientationLandscapeLeft UIInterfaceOrientationLandscapeRight";
				INFOPLIST_KEY_UISupportedInterfaceOrientations_iPhone = "UIInterfaceOrientationPortrait UIInterfaceOrientationLandscapeLeft UIInterfaceOrientationLandscapeRight";
				LD_RUNPATH_SEARCH_PATHS = (
					"$(inherited)",
					"@executable_path/Frameworks",
				);
				MARKETING_VERSION = 1.0;
				PRODUCT_BUNDLE_IDENTIFIER = com.dummyApp.WeatherApp;
				PRODUCT_NAME = "$(TARGET_NAME)";
				SWIFT_EMIT_LOC_STRINGS = YES;
				SWIFT_VERSION = 5.0;
				TARGETED_DEVICE_FAMILY = "1,2";
			};
			name = Release;
		};
/* End XCBuildConfiguration section */

/* Begin XCConfigurationList section */
		51A9FD8A289F6F37009DDEA2 /* Build configuration list for PBXProject "WeatherApp" */ = {
			isa = XCConfigurationList;
			buildConfigurations = (
				51A9FD9B289F6F38009DDEA2 /* Debug */,
				51A9FD9C289F6F38009DDEA2 /* Release */,
			);
			defaultConfigurationIsVisible = 0;
			defaultConfigurationName = Release;
		};
		51A9FD9D289F6F38009DDEA2 /* Build configuration list for PBXNativeTarget "WeatherApp" */ = {
			isa = XCConfigurationList;
			buildConfigurations = (
				51A9FD9E289F6F38009DDEA2 /* Debug */,
				51A9FD9F289F6F38009DDEA2 /* Release */,
			);
			defaultConfigurationIsVisible = 0;
			defaultConfigurationName = Release;
		};
/* End XCConfigurationList section */
	};
	rootObject = 51A9FD87289F6F37009DDEA2 /* Project object */;
}
